// !$*UTF8*$!
{
	archiveVersion = 1;
	classes = {
	};
	objectVersion = 51;
	objects = {

/* Begin PBXBuildFile section */
		8027405526B0343D00CB0AB5 /* AppDelegate.swift in Sources */ = {isa = PBXBuildFile; fileRef = 8027405426B0343D00CB0AB5 /* AppDelegate.swift */; };
		8027405726B0343D00CB0AB5 /* SceneDelegate.swift in Sources */ = {isa = PBXBuildFile; fileRef = 8027405626B0343D00CB0AB5 /* SceneDelegate.swift */; };
		8027405926B0343D00CB0AB5 /* ViewController.swift in Sources */ = {isa = PBXBuildFile; fileRef = 8027405826B0343D00CB0AB5 /* ViewController.swift */; };
		8027405C26B0343D00CB0AB5 /* Main.storyboard in Resources */ = {isa = PBXBuildFile; fileRef = 8027405A26B0343D00CB0AB5 /* Main.storyboard */; };
		8027405E26B0343E00CB0AB5 /* Assets.xcassets in Resources */ = {isa = PBXBuildFile; fileRef = 8027405D26B0343E00CB0AB5 /* Assets.xcassets */; };
		8027406126B0343E00CB0AB5 /* LaunchScreen.storyboard in Resources */ = {isa = PBXBuildFile; fileRef = 8027405F26B0343E00CB0AB5 /* LaunchScreen.storyboard */; };
		8027406B26B034D700CB0AB5 /* VizHttpApiResource.swift in Sources */ = {isa = PBXBuildFile; fileRef = 8027406826B034D700CB0AB5 /* VizHttpApiResource.swift */; };
		8027406C26B034D700CB0AB5 /* VizBaseNetworkRequest.swift in Sources */ = {isa = PBXBuildFile; fileRef = 8027406926B034D700CB0AB5 /* VizBaseNetworkRequest.swift */; };
		8027406D26B034D700CB0AB5 /* VizApiResource.swift in Sources */ = {isa = PBXBuildFile; fileRef = 8027406A26B034D700CB0AB5 /* VizApiResource.swift */; };
		8027406F26B03A6000CB0AB5 /* VizApiNetworkRequest.swift in Sources */ = {isa = PBXBuildFile; fileRef = 8027406E26B03A6000CB0AB5 /* VizApiNetworkRequest.swift */; };
		8039368726B13C4D006A532F /* Models.swift in Sources */ = {isa = PBXBuildFile; fileRef = 8039368626B13C4D006A532F /* Models.swift */; };
		80E367BF26B2A2D700136410 /* VizNetworkManager.swift in Sources */ = {isa = PBXBuildFile; fileRef = 80E367BE26B2A2D700136410 /* VizNetworkManager.swift */; };
		80E367C126B2A73500136410 /* VizNetworkBlockOperationWrapper.swift in Sources */ = {isa = PBXBuildFile; fileRef = 80E367C026B2A73500136410 /* VizNetworkBlockOperationWrapper.swift */; };
		80E367C526B2AE0300136410 /* VizLogger.swift in Sources */ = {isa = PBXBuildFile; fileRef = 80E367C426B2AE0300136410 /* VizLogger.swift */; };
		8D01A90E2F77D100C6550684 /* Pods_VizNetworkApp.framework in Frameworks */ = {isa = PBXBuildFile; fileRef = 8863451FAEA57147C03A4B38 /* Pods_VizNetworkApp.framework */; };
/* End PBXBuildFile section */

/* Begin PBXFileReference section */
		05C50D0F2A50BB7DDD9F6891 /* Pods-VizNetworkApp.debug.xcconfig */ = {isa = PBXFileReference; includeInIndex = 1; lastKnownFileType = text.xcconfig; name = "Pods-VizNetworkApp.debug.xcconfig"; path = "Target Support Files/Pods-VizNetworkApp/Pods-VizNetworkApp.debug.xcconfig"; sourceTree = "<group>"; };
		8027405126B0343D00CB0AB5 /* VizNetworkApp.app */ = {isa = PBXFileReference; explicitFileType = wrapper.application; includeInIndex = 0; path = VizNetworkApp.app; sourceTree = BUILT_PRODUCTS_DIR; };
		8027405426B0343D00CB0AB5 /* AppDelegate.swift */ = {isa = PBXFileReference; lastKnownFileType = sourcecode.swift; path = AppDelegate.swift; sourceTree = "<group>"; };
		8027405626B0343D00CB0AB5 /* SceneDelegate.swift */ = {isa = PBXFileReference; lastKnownFileType = sourcecode.swift; path = SceneDelegate.swift; sourceTree = "<group>"; };
		8027405826B0343D00CB0AB5 /* ViewController.swift */ = {isa = PBXFileReference; lastKnownFileType = sourcecode.swift; path = ViewController.swift; sourceTree = "<group>"; };
		8027405B26B0343D00CB0AB5 /* Base */ = {isa = PBXFileReference; lastKnownFileType = file.storyboard; name = Base; path = Base.lproj/Main.storyboard; sourceTree = "<group>"; };
		8027405D26B0343E00CB0AB5 /* Assets.xcassets */ = {isa = PBXFileReference; lastKnownFileType = folder.assetcatalog; path = Assets.xcassets; sourceTree = "<group>"; };
		8027406026B0343E00CB0AB5 /* Base */ = {isa = PBXFileReference; lastKnownFileType = file.storyboard; name = Base; path = Base.lproj/LaunchScreen.storyboard; sourceTree = "<group>"; };
		8027406226B0343E00CB0AB5 /* Info.plist */ = {isa = PBXFileReference; lastKnownFileType = text.plist.xml; path = Info.plist; sourceTree = "<group>"; };
		8027406826B034D700CB0AB5 /* VizHttpApiResource.swift */ = {isa = PBXFileReference; fileEncoding = 4; lastKnownFileType = sourcecode.swift; path = VizHttpApiResource.swift; sourceTree = "<group>"; };
		8027406926B034D700CB0AB5 /* VizBaseNetworkRequest.swift */ = {isa = PBXFileReference; fileEncoding = 4; lastKnownFileType = sourcecode.swift; path = VizBaseNetworkRequest.swift; sourceTree = "<group>"; };
		8027406A26B034D700CB0AB5 /* VizApiResource.swift */ = {isa = PBXFileReference; fileEncoding = 4; lastKnownFileType = sourcecode.swift; path = VizApiResource.swift; sourceTree = "<group>"; };
		8027406E26B03A6000CB0AB5 /* VizApiNetworkRequest.swift */ = {isa = PBXFileReference; lastKnownFileType = sourcecode.swift; path = VizApiNetworkRequest.swift; sourceTree = "<group>"; };
		8039368626B13C4D006A532F /* Models.swift */ = {isa = PBXFileReference; lastKnownFileType = sourcecode.swift; path = Models.swift; sourceTree = "<group>"; };
		80E367BE26B2A2D700136410 /* VizNetworkManager.swift */ = {isa = PBXFileReference; lastKnownFileType = sourcecode.swift; path = VizNetworkManager.swift; sourceTree = "<group>"; };
		80E367C026B2A73500136410 /* VizNetworkBlockOperationWrapper.swift */ = {isa = PBXFileReference; fileEncoding = 4; lastKnownFileType = sourcecode.swift; path = VizNetworkBlockOperationWrapper.swift; sourceTree = "<group>"; };
		80E367C426B2AE0300136410 /* VizLogger.swift */ = {isa = PBXFileReference; fileEncoding = 4; lastKnownFileType = sourcecode.swift; path = VizLogger.swift; sourceTree = "<group>"; };
		8863451FAEA57147C03A4B38 /* Pods_VizNetworkApp.framework */ = {isa = PBXFileReference; explicitFileType = wrapper.framework; includeInIndex = 0; path = Pods_VizNetworkApp.framework; sourceTree = BUILT_PRODUCTS_DIR; };
		8B117A8209F767D86AC40D95 /* Pods-VizNetworkApp.release.xcconfig */ = {isa = PBXFileReference; includeInIndex = 1; lastKnownFileType = text.xcconfig; name = "Pods-VizNetworkApp.release.xcconfig"; path = "Target Support Files/Pods-VizNetworkApp/Pods-VizNetworkApp.release.xcconfig"; sourceTree = "<group>"; };
/* End PBXFileReference section */

/* Begin PBXFrameworksBuildPhase section */
		8027404E26B0343D00CB0AB5 /* Frameworks */ = {
			isa = PBXFrameworksBuildPhase;
			buildActionMask = 2147483647;
			files = (
				8D01A90E2F77D100C6550684 /* Pods_VizNetworkApp.framework in Frameworks */,
			);
			runOnlyForDeploymentPostprocessing = 0;
		};
/* End PBXFrameworksBuildPhase section */

/* Begin PBXGroup section */
		1F074E3D1D0FF986F3BB8AF6 /* Frameworks */ = {
			isa = PBXGroup;
			children = (
				8863451FAEA57147C03A4B38 /* Pods_VizNetworkApp.framework */,
			);
			name = Frameworks;
			sourceTree = "<group>";
		};
		8027404826B0343D00CB0AB5 = {
			isa = PBXGroup;
			children = (
				8027405326B0343D00CB0AB5 /* VizNetworkApp */,
				8027405226B0343D00CB0AB5 /* Products */,
				81487D48FD7AEE5470FFF423 /* Pods */,
				1F074E3D1D0FF986F3BB8AF6 /* Frameworks */,
			);
			sourceTree = "<group>";
		};
		8027405226B0343D00CB0AB5 /* Products */ = {
			isa = PBXGroup;
			children = (
				8027405126B0343D00CB0AB5 /* VizNetworkApp.app */,
			);
			name = Products;
			sourceTree = "<group>";
		};
		8027405326B0343D00CB0AB5 /* VizNetworkApp */ = {
			isa = PBXGroup;
			children = (
				8027405426B0343D00CB0AB5 /* AppDelegate.swift */,
				8027405626B0343D00CB0AB5 /* SceneDelegate.swift */,
				8039368626B13C4D006A532F /* Models.swift */,
				8027405826B0343D00CB0AB5 /* ViewController.swift */,
				8027405A26B0343D00CB0AB5 /* Main.storyboard */,
				80E367BD26B287DC00136410 /* Requests Manager */,
				8039368826B14676006A532F /* Requests Structures */,
				8039368926B146AC006A532F /* Requests */,
				80E367C826B3F2F400136410 /* Logger */,
				8027405D26B0343E00CB0AB5 /* Assets.xcassets */,
				8027405F26B0343E00CB0AB5 /* LaunchScreen.storyboard */,
				8027406226B0343E00CB0AB5 /* Info.plist */,
			);
			path = VizNetworkApp;
			sourceTree = "<group>";
		};
		8039368826B14676006A532F /* Requests Structures */ = {
			isa = PBXGroup;
			children = (
				8027406A26B034D700CB0AB5 /* VizApiResource.swift */,
				8027406826B034D700CB0AB5 /* VizHttpApiResource.swift */,
			);
			path = "Requests Structures";
			sourceTree = "<group>";
		};
		8039368926B146AC006A532F /* Requests */ = {
			isa = PBXGroup;
			children = (
				8027406926B034D700CB0AB5 /* VizBaseNetworkRequest.swift */,
				8027406E26B03A6000CB0AB5 /* VizApiNetworkRequest.swift */,
			);
			path = Requests;
			sourceTree = "<group>";
		};
		80E367BD26B287DC00136410 /* Requests Manager */ = {
			isa = PBXGroup;
			children = (
				80E367BE26B2A2D700136410 /* VizNetworkManager.swift */,
				80E367C026B2A73500136410 /* VizNetworkBlockOperationWrapper.swift */,
			);
			path = "Requests Manager";
			sourceTree = "<group>";
		};
		80E367C826B3F2F400136410 /* Logger */ = {
			isa = PBXGroup;
			children = (
				80E367C426B2AE0300136410 /* VizLogger.swift */,
			);
			path = Logger;
			sourceTree = "<group>";
		};
		81487D48FD7AEE5470FFF423 /* Pods */ = {
			isa = PBXGroup;
			children = (
				05C50D0F2A50BB7DDD9F6891 /* Pods-VizNetworkApp.debug.xcconfig */,
				8B117A8209F767D86AC40D95 /* Pods-VizNetworkApp.release.xcconfig */,
			);
			path = Pods;
			sourceTree = "<group>";
		};
/* End PBXGroup section */

/* Begin PBXNativeTarget section */
		8027405026B0343D00CB0AB5 /* VizNetworkApp */ = {
			isa = PBXNativeTarget;
			buildConfigurationList = 8027406526B0343E00CB0AB5 /* Build configuration list for PBXNativeTarget "VizNetworkApp" */;
			buildPhases = (
				76478D4BE05DCEAB884576A0 /* [CP] Check Pods Manifest.lock */,
				8027404D26B0343D00CB0AB5 /* Sources */,
				8027404E26B0343D00CB0AB5 /* Frameworks */,
				8027404F26B0343D00CB0AB5 /* Resources */,
				62C1436228E946060A5BE88A /* [CP] Embed Pods Frameworks */,
			);
			buildRules = (
			);
			dependencies = (
			);
			name = VizNetworkApp;
			productName = VizNetworkApp;
			productReference = 8027405126B0343D00CB0AB5 /* VizNetworkApp.app */;
			productType = "com.apple.product-type.application";
		};
/* End PBXNativeTarget section */

/* Begin PBXProject section */
		8027404926B0343D00CB0AB5 /* Project object */ = {
			isa = PBXProject;
			attributes = {
				LastSwiftUpdateCheck = 1250;
				LastUpgradeCheck = 1250;
				TargetAttributes = {
					8027405026B0343D00CB0AB5 = {
						CreatedOnToolsVersion = 12.5;
					};
				};
			};
			buildConfigurationList = 8027404C26B0343D00CB0AB5 /* Build configuration list for PBXProject "VizNetworkApp" */;
			compatibilityVersion = "Xcode 9.3";
			developmentRegion = en;
			hasScannedForEncodings = 0;
			knownRegions = (
				en,
				Base,
			);
			mainGroup = 8027404826B0343D00CB0AB5;
			productRefGroup = 8027405226B0343D00CB0AB5 /* Products */;
			projectDirPath = "";
			projectRoot = "";
			targets = (
				8027405026B0343D00CB0AB5 /* VizNetworkApp */,
			);
		};
/* End PBXProject section */

/* Begin PBXResourcesBuildPhase section */
		8027404F26B0343D00CB0AB5 /* Resources */ = {
			isa = PBXResourcesBuildPhase;
			buildActionMask = 2147483647;
			files = (
				8027406126B0343E00CB0AB5 /* LaunchScreen.storyboard in Resources */,
				8027405E26B0343E00CB0AB5 /* Assets.xcassets in Resources */,
				8027405C26B0343D00CB0AB5 /* Main.storyboard in Resources */,
			);
			runOnlyForDeploymentPostprocessing = 0;
		};
/* End PBXResourcesBuildPhase section */

/* Begin PBXShellScriptBuildPhase section */
		62C1436228E946060A5BE88A /* [CP] Embed Pods Frameworks */ = {
			isa = PBXShellScriptBuildPhase;
			buildActionMask = 2147483647;
			files = (
			);
			inputFileListPaths = (
				"${PODS_ROOT}/Target Support Files/Pods-VizNetworkApp/Pods-VizNetworkApp-frameworks-${CONFIGURATION}-input-files.xcfilelist",
			);
			name = "[CP] Embed Pods Frameworks";
			outputFileListPaths = (
				"${PODS_ROOT}/Target Support Files/Pods-VizNetworkApp/Pods-VizNetworkApp-frameworks-${CONFIGURATION}-output-files.xcfilelist",
			);
			runOnlyForDeploymentPostprocessing = 0;
			shellPath = /bin/sh;
			shellScript = "\"${PODS_ROOT}/Target Support Files/Pods-VizNetworkApp/Pods-VizNetworkApp-frameworks.sh\"\n";
			showEnvVarsInLog = 0;
		};
		76478D4BE05DCEAB884576A0 /* [CP] Check Pods Manifest.lock */ = {
			isa = PBXShellScriptBuildPhase;
			buildActionMask = 2147483647;
			files = (
			);
			inputFileListPaths = (
			);
			inputPaths = (
				"${PODS_PODFILE_DIR_PATH}/Podfile.lock",
				"${PODS_ROOT}/Manifest.lock",
			);
			name = "[CP] Check Pods Manifest.lock";
			outputFileListPaths = (
			);
			outputPaths = (
				"$(DERIVED_FILE_DIR)/Pods-VizNetworkApp-checkManifestLockResult.txt",
			);
			runOnlyForDeploymentPostprocessing = 0;
			shellPath = /bin/sh;
			shellScript = "diff \"${PODS_PODFILE_DIR_PATH}/Podfile.lock\" \"${PODS_ROOT}/Manifest.lock\" > /dev/null\nif [ $? != 0 ] ; then\n    # print error to STDERR\n    echo \"error: The sandbox is not in sync with the Podfile.lock. Run 'pod install' or update your CocoaPods installation.\" >&2\n    exit 1\nfi\n# This output is used by Xcode 'outputs' to avoid re-running this script phase.\necho \"SUCCESS\" > \"${SCRIPT_OUTPUT_FILE_0}\"\n";
			showEnvVarsInLog = 0;
		};
/* End PBXShellScriptBuildPhase section */

/* Begin PBXSourcesBuildPhase section */
		8027404D26B0343D00CB0AB5 /* Sources */ = {
			isa = PBXSourcesBuildPhase;
			buildActionMask = 2147483647;
			files = (
				8027405926B0343D00CB0AB5 /* ViewController.swift in Sources */,
				8027406C26B034D700CB0AB5 /* VizBaseNetworkRequest.swift in Sources */,
				8027406D26B034D700CB0AB5 /* VizApiResource.swift in Sources */,
				8039368726B13C4D006A532F /* Models.swift in Sources */,
				8027406F26B03A6000CB0AB5 /* VizApiNetworkRequest.swift in Sources */,
				8027406B26B034D700CB0AB5 /* VizHttpApiResource.swift in Sources */,
				8027405526B0343D00CB0AB5 /* AppDelegate.swift in Sources */,
				8027405726B0343D00CB0AB5 /* SceneDelegate.swift in Sources */,
				80E367C126B2A73500136410 /* VizNetworkBlockOperationWrapper.swift in Sources */,
				80E367C526B2AE0300136410 /* VizLogger.swift in Sources */,
				80E367BF26B2A2D700136410 /* VizNetworkManager.swift in Sources */,
			);
			runOnlyForDeploymentPostprocessing = 0;
		};
/* End PBXSourcesBuildPhase section */

/* Begin PBXVariantGroup section */
		8027405A26B0343D00CB0AB5 /* Main.storyboard */ = {
			isa = PBXVariantGroup;
			children = (
				8027405B26B0343D00CB0AB5 /* Base */,
			);
			name = Main.storyboard;
			sourceTree = "<group>";
		};
		8027405F26B0343E00CB0AB5 /* LaunchScreen.storyboard */ = {
			isa = PBXVariantGroup;
			children = (
				8027406026B0343E00CB0AB5 /* Base */,
			);
			name = LaunchScreen.storyboard;
			sourceTree = "<group>";
		};
/* End PBXVariantGroup section */

/* Begin XCBuildConfiguration section */
		8027406326B0343E00CB0AB5 /* Debug */ = {
			isa = XCBuildConfiguration;
			buildSettings = {
				ALWAYS_SEARCH_USER_PATHS = NO;
				CLANG_ANALYZER_NONNULL = YES;
				CLANG_ANALYZER_NUMBER_OBJECT_CONVERSION = YES_AGGRESSIVE;
				CLANG_CXX_LANGUAGE_STANDARD = "gnu++14";
				CLANG_CXX_LIBRARY = "libc++";
				CLANG_ENABLE_MODULES = YES;
				CLANG_ENABLE_OBJC_ARC = YES;
				CLANG_ENABLE_OBJC_WEAK = YES;
				CLANG_WARN_BLOCK_CAPTURE_AUTORELEASING = YES;
				CLANG_WARN_BOOL_CONVERSION = YES;
				CLANG_WARN_COMMA = YES;
				CLANG_WARN_CONSTANT_CONVERSION = YES;
				CLANG_WARN_DEPRECATED_OBJC_IMPLEMENTATIONS = YES;
				CLANG_WARN_DIRECT_OBJC_ISA_USAGE = YES_ERROR;
				CLANG_WARN_DOCUMENTATION_COMMENTS = YES;
				CLANG_WARN_EMPTY_BODY = YES;
				CLANG_WARN_ENUM_CONVERSION = YES;
				CLANG_WARN_INFINITE_RECURSION = YES;
				CLANG_WARN_INT_CONVERSION = YES;
				CLANG_WARN_NON_LITERAL_NULL_CONVERSION = YES;
				CLANG_WARN_OBJC_IMPLICIT_RETAIN_SELF = YES;
				CLANG_WARN_OBJC_LITERAL_CONVERSION = YES;
				CLANG_WARN_OBJC_ROOT_CLASS = YES_ERROR;
				CLANG_WARN_QUOTED_INCLUDE_IN_FRAMEWORK_HEADER = YES;
				CLANG_WARN_RANGE_LOOP_ANALYSIS = YES;
				CLANG_WARN_STRICT_PROTOTYPES = YES;
				CLANG_WARN_SUSPICIOUS_MOVE = YES;
				CLANG_WARN_UNGUARDED_AVAILABILITY = YES_AGGRESSIVE;
				CLANG_WARN_UNREACHABLE_CODE = YES;
				CLANG_WARN__DUPLICATE_METHOD_MATCH = YES;
				COPY_PHASE_STRIP = NO;
				DEBUG_INFORMATION_FORMAT = dwarf;
				ENABLE_STRICT_OBJC_MSGSEND = YES;
				ENABLE_TESTABILITY = YES;
				GCC_C_LANGUAGE_STANDARD = gnu11;
				GCC_DYNAMIC_NO_PIC = NO;
				GCC_NO_COMMON_BLOCKS = YES;
				GCC_OPTIMIZATION_LEVEL = 0;
				GCC_PREPROCESSOR_DEFINITIONS = (
					"DEBUG=1",
					"$(inherited)",
				);
				GCC_WARN_64_TO_32_BIT_CONVERSION = YES;
				GCC_WARN_ABOUT_RETURN_TYPE = YES_ERROR;
				GCC_WARN_UNDECLARED_SELECTOR = YES;
				GCC_WARN_UNINITIALIZED_AUTOS = YES_AGGRESSIVE;
				GCC_WARN_UNUSED_FUNCTION = YES;
				GCC_WARN_UNUSED_VARIABLE = YES;
				IPHONEOS_DEPLOYMENT_TARGET = 14.5;
				MTL_ENABLE_DEBUG_INFO = INCLUDE_SOURCE;
				MTL_FAST_MATH = YES;
				ONLY_ACTIVE_ARCH = YES;
				SDKROOT = iphoneos;
				SWIFT_ACTIVE_COMPILATION_CONDITIONS = DEBUG;
				SWIFT_OPTIMIZATION_LEVEL = "-Onone";
			};
			name = Debug;
		};
		8027406426B0343E00CB0AB5 /* Release */ = {
			isa = XCBuildConfiguration;
			buildSettings = {
				ALWAYS_SEARCH_USER_PATHS = NO;
				CLANG_ANALYZER_NONNULL = YES;
				CLANG_ANALYZER_NUMBER_OBJECT_CONVERSION = YES_AGGRESSIVE;
				CLANG_CXX_LANGUAGE_STANDARD = "gnu++14";
				CLANG_CXX_LIBRARY = "libc++";
				CLANG_ENABLE_MODULES = YES;
				CLANG_ENABLE_OBJC_ARC = YES;
				CLANG_ENABLE_OBJC_WEAK = YES;
				CLANG_WARN_BLOCK_CAPTURE_AUTORELEASING = YES;
				CLANG_WARN_BOOL_CONVERSION = YES;
				CLANG_WARN_COMMA = YES;
				CLANG_WARN_CONSTANT_CONVERSION = YES;
				CLANG_WARN_DEPRECATED_OBJC_IMPLEMENTATIONS = YES;
				CLANG_WARN_DIRECT_OBJC_ISA_USAGE = YES_ERROR;
				CLANG_WARN_DOCUMENTATION_COMMENTS = YES;
				CLANG_WARN_EMPTY_BODY = YES;
				CLANG_WARN_ENUM_CONVERSION = YES;
				CLANG_WARN_INFINITE_RECURSION = YES;
				CLANG_WARN_INT_CONVERSION = YES;
				CLANG_WARN_NON_LITERAL_NULL_CONVERSION = YES;
				CLANG_WARN_OBJC_IMPLICIT_RETAIN_SELF = YES;
				CLANG_WARN_OBJC_LITERAL_CONVERSION = YES;
				CLANG_WARN_OBJC_ROOT_CLASS = YES_ERROR;
				CLANG_WARN_QUOTED_INCLUDE_IN_FRAMEWORK_HEADER = YES;
				CLANG_WARN_RANGE_LOOP_ANALYSIS = YES;
				CLANG_WARN_STRICT_PROTOTYPES = YES;
				CLANG_WARN_SUSPICIOUS_MOVE = YES;
				CLANG_WARN_UNGUARDED_AVAILABILITY = YES_AGGRESSIVE;
				CLANG_WARN_UNREACHABLE_CODE = YES;
				CLANG_WARN__DUPLICATE_METHOD_MATCH = YES;
				COPY_PHASE_STRIP = NO;
				DEBUG_INFORMATION_FORMAT = "dwarf-with-dsym";
				ENABLE_NS_ASSERTIONS = NO;
				ENABLE_STRICT_OBJC_MSGSEND = YES;
				GCC_C_LANGUAGE_STANDARD = gnu11;
				GCC_NO_COMMON_BLOCKS = YES;
				GCC_OPTIMIZATION_LEVEL = 0;
				GCC_WARN_64_TO_32_BIT_CONVERSION = YES;
				GCC_WARN_ABOUT_RETURN_TYPE = YES_ERROR;
				GCC_WARN_UNDECLARED_SELECTOR = YES;
				GCC_WARN_UNINITIALIZED_AUTOS = YES_AGGRESSIVE;
				GCC_WARN_UNUSED_FUNCTION = YES;
				GCC_WARN_UNUSED_VARIABLE = YES;
				IPHONEOS_DEPLOYMENT_TARGET = 14.5;
				MTL_ENABLE_DEBUG_INFO = NO;
				MTL_FAST_MATH = YES;
				SDKROOT = iphoneos;
				SWIFT_COMPILATION_MODE = wholemodule;
				SWIFT_OPTIMIZATION_LEVEL = "-O";
				VALIDATE_PRODUCT = YES;
			};
			name = Release;
		};
		8027406626B0343E00CB0AB5 /* Debug */ = {
			isa = XCBuildConfiguration;
			baseConfigurationReference = 05C50D0F2A50BB7DDD9F6891 /* Pods-VizNetworkApp.debug.xcconfig */;
			buildSettings = {
				ASSETCATALOG_COMPILER_APPICON_NAME = AppIcon;
				ASSETCATALOG_COMPILER_GLOBAL_ACCENT_COLOR_NAME = AccentColor;
				CODE_SIGN_STYLE = Automatic;
				DEVELOPMENT_TEAM = GS2J64YGB6;
				INFOPLIST_FILE = VizNetworkApp/Info.plist;
				LD_RUNPATH_SEARCH_PATHS = (
					"$(inherited)",
					"@executable_path/Frameworks",
				);
				PRODUCT_BUNDLE_IDENTIFIER = viz.network.VizNetworkApp;
				PRODUCT_NAME = "$(TARGET_NAME)";
				SWIFT_VERSION = 5.0;
				TARGETED_DEVICE_FAMILY = "1,2";
			};
			name = Debug;
		};
		8027406726B0343E00CB0AB5 /* Release */ = {
			isa = XCBuildConfiguration;
			baseConfigurationReference = 8B117A8209F767D86AC40D95 /* Pods-VizNetworkApp.release.xcconfig */;
			buildSettings = {
				ASSETCATALOG_COMPILER_APPICON_NAME = AppIcon;
				ASSETCATALOG_COMPILER_GLOBAL_ACCENT_COLOR_NAME = AccentColor;
				CODE_SIGN_STYLE = Automatic;
				DEVELOPMENT_TEAM = GS2J64YGB6;
				INFOPLIST_FILE = VizNetworkApp/Info.plist;
				LD_RUNPATH_SEARCH_PATHS = (
					"$(inherited)",
					"@executable_path/Frameworks",
				);
				PRODUCT_BUNDLE_IDENTIFIER = viz.network.VizNetworkApp;
				PRODUCT_NAME = "$(TARGET_NAME)";
				SWIFT_VERSION = 5.0;
				TARGETED_DEVICE_FAMILY = "1,2";
			};
			name = Release;
		};
/* End XCBuildConfiguration section */

/* Begin XCConfigurationList section */
		8027404C26B0343D00CB0AB5 /* Build configuration list for PBXProject "VizNetworkApp" */ = {
			isa = XCConfigurationList;
			buildConfigurations = (
				8027406326B0343E00CB0AB5 /* Debug */,
				8027406426B0343E00CB0AB5 /* Release */,
			);
			defaultConfigurationIsVisible = 0;
			defaultConfigurationName = Release;
		};
		8027406526B0343E00CB0AB5 /* Build configuration list for PBXNativeTarget "VizNetworkApp" */ = {
			isa = XCConfigurationList;
			buildConfigurations = (
				8027406626B0343E00CB0AB5 /* Debug */,
				8027406726B0343E00CB0AB5 /* Release */,
			);
			defaultConfigurationIsVisible = 0;
			defaultConfigurationName = Release;
		};
/* End XCConfigurationList section */
	};
	rootObject = 8027404926B0343D00CB0AB5 /* Project object */;
}
